
Microsoft Visual Studio Solution File, Format Version 12.00
# Visual Studio 15
VisualStudioVersion = 15.0.28307.136
MinimumVisualStudioVersion = 10.0.40219.1
Project("{FAE04EC0-301F-11D3-BF4B-00C04F79EFBC}") = "Record_Example", "Record_Example\Record_Example.csproj", "{E79E52C6-3F29-41AD-985F-FBF54A25B491}"
EndProject
Global
	GlobalSection(SolutionConfigurationPlatforms) = preSolution
		Debug|Any CPU = Debug|Any CPU
		Release|Any CPU = Release|Any CPU
	EndGlobalSection
	GlobalSection(ProjectConfigurationPlatforms) = postSolution
		{E79E52C6-3F29-41AD-985F-FBF54A25B491}.Debug|Any CPU.ActiveCfg = Debug|Any CPU
		{E79E52C6-3F29-41AD-985F-FBF54A25B491}.Debug|Any CPU.Build.0 = Debug|Any CPU
		{E79E52C6-3F29-41AD-985F-FBF54A25B491}.Release|Any CPU.ActiveCfg = Release|Any CPU
		{E79E52C6-3F29-41AD-985F-FBF54A25B491}.Release|Any CPU.Build.0 = Release|Any CPU
	EndGlobalSection
	GlobalSection(SolutionProperties) = preSolution
		HideSolutionNode = FALSE
	EndGlobalSection
	GlobalSection(ExtensibilityGlobals) = postSolution
		SolutionGuid = {475C68E5-47A8-423D-9B12-96576CF03E0E}
	EndGlobalSection
EndGlobal
